
Microsoft Visual Studio Solution File, Format Version 12.00
# Visual Studio Version 17
VisualStudioVersion = 17.4.33213.308
MinimumVisualStudioVersion = 10.0.40219.1
Project("{FAE04EC0-301F-11D3-BF4B-00C04F79EFBC}") = "PW4.2", "PW4.2.csproj", "{47A54ABC-4D7E-4815-854B-8E8F43FDE930}"
EndProject
Global
	GlobalSection(SolutionConfigurationPlatforms) = preSolution
		Debug|Any CPU = Debug|Any CPU
		Release|Any CPU = Release|Any CPU
	EndGlobalSection
	GlobalSection(ProjectConfigurationPlatforms) = postSolution
		{47A54ABC-4D7E-4815-854B-8E8F43FDE930}.Debug|Any CPU.ActiveCfg = Debug|Any CPU
		{47A54ABC-4D7E-4815-854B-8E8F43FDE930}.Debug|Any CPU.Build.0 = Debug|Any CPU
		{47A54ABC-4D7E-4815-854B-8E8F43FDE930}.Release|Any CPU.ActiveCfg = Release|Any CPU
		{47A54ABC-4D7E-4815-854B-8E8F43FDE930}.Release|Any CPU.Build.0 = Release|Any CPU
	EndGlobalSection
	GlobalSection(SolutionProperties) = preSolution
		HideSolutionNode = FALSE
	EndGlobalSection
	GlobalSection(ExtensibilityGlobals) = postSolution
		SolutionGuid = {DF62DDAE-173D-40E3-B8E4-0E6181DA791D}
	EndGlobalSection
EndGlobal
